
Microsoft Visual Studio Solution File, Format Version 12.00
# Visual Studio Version 16
VisualStudioVersion = 16.0.31025.194
MinimumVisualStudioVersion = 10.0.40219.1
Project("{FAE04EC0-301F-11D3-BF4B-00C04F79EFBC}") = "ExeMatFix", "ExeMatFix\ExeMatFix.csproj", "{AB0FA899-7CDB-480F-A75A-2C3B7C59AF04}"
EndProject
Global
	GlobalSection(SolutionConfigurationPlatforms) = preSolution
		Debug|Any CPU = Debug|Any CPU
		Release|Any CPU = Release|Any CPU
	EndGlobalSection
	GlobalSection(ProjectConfigurationPlatforms) = postSolution
		{AB0FA899-7CDB-480F-A75A-2C3B7C59AF04}.Debug|Any CPU.ActiveCfg = Debug|Any CPU
		{AB0FA899-7CDB-480F-A75A-2C3B7C59AF04}.Debug|Any CPU.Build.0 = Debug|Any CPU
		{AB0FA899-7CDB-480F-A75A-2C3B7C59AF04}.Release|Any CPU.ActiveCfg = Release|Any CPU
		{AB0FA899-7CDB-480F-A75A-2C3B7C59AF04}.Release|Any CPU.Build.0 = Release|Any CPU
	EndGlobalSection
	GlobalSection(SolutionProperties) = preSolution
		HideSolutionNode = FALSE
	EndGlobalSection
	GlobalSection(ExtensibilityGlobals) = postSolution
		SolutionGuid = {B6AAD062-B29F-4A15-BA70-69284C736153}
	EndGlobalSection
EndGlobal
