
Microsoft Visual Studio Solution File, Format Version 12.00
# Visual Studio 15
VisualStudioVersion = 15.0.28307.1022
MinimumVisualStudioVersion = 10.0.40219.1
Project("{FAE04EC0-301F-11D3-BF4B-00C04F79EFBC}") = "Loja.UI", "Loja\Loja.UI.csproj", "{53AF1E62-8F99-4DAA-906A-B76F874CEFBE}"
	ProjectSection(ProjectDependencies) = postProject
		{DF218070-707C-4813-AE3E-11806F39D5B9} = {DF218070-707C-4813-AE3E-11806F39D5B9}
		{1F5C887A-BE6D-4352-A32E-EFD8A81E66C7} = {1F5C887A-BE6D-4352-A32E-EFD8A81E66C7}
	EndProjectSection
EndProject
Project("{FAE04EC0-301F-11D3-BF4B-00C04F79EFBC}") = "Loja.BLL", "Loja.BLL\Loja.BLL.csproj", "{DF218070-707C-4813-AE3E-11806F39D5B9}"
	ProjectSection(ProjectDependencies) = postProject
		{1F5C887A-BE6D-4352-A32E-EFD8A81E66C7} = {1F5C887A-BE6D-4352-A32E-EFD8A81E66C7}
		{1FFAE4F1-A3F5-4CBF-97A4-537A3C9DAEAE} = {1FFAE4F1-A3F5-4CBF-97A4-537A3C9DAEAE}
	EndProjectSection
EndProject
Project("{FAE04EC0-301F-11D3-BF4B-00C04F79EFBC}") = "Loja.DAL", "Loja.DAL\Loja.DAL.csproj", "{1FFAE4F1-A3F5-4CBF-97A4-537A3C9DAEAE}"
	ProjectSection(ProjectDependencies) = postProject
		{1F5C887A-BE6D-4352-A32E-EFD8A81E66C7} = {1F5C887A-BE6D-4352-A32E-EFD8A81E66C7}
	EndProjectSection
EndProject
Project("{FAE04EC0-301F-11D3-BF4B-00C04F79EFBC}") = "Loja.DTO", "Loja.DTO\Loja.DTO.csproj", "{1F5C887A-BE6D-4352-A32E-EFD8A81E66C7}"
EndProject
Global
	GlobalSection(SolutionConfigurationPlatforms) = preSolution
		Debug|Any CPU = Debug|Any CPU
		Release|Any CPU = Release|Any CPU
	EndGlobalSection
	GlobalSection(ProjectConfigurationPlatforms) = postSolution
		{53AF1E62-8F99-4DAA-906A-B76F874CEFBE}.Debug|Any CPU.ActiveCfg = Debug|Any CPU
		{53AF1E62-8F99-4DAA-906A-B76F874CEFBE}.Debug|Any CPU.Build.0 = Debug|Any CPU
		{53AF1E62-8F99-4DAA-906A-B76F874CEFBE}.Release|Any CPU.ActiveCfg = Release|Any CPU
		{53AF1E62-8F99-4DAA-906A-B76F874CEFBE}.Release|Any CPU.Build.0 = Release|Any CPU
		{DF218070-707C-4813-AE3E-11806F39D5B9}.Debug|Any CPU.ActiveCfg = Debug|Any CPU
		{DF218070-707C-4813-AE3E-11806F39D5B9}.Debug|Any CPU.Build.0 = Debug|Any CPU
		{DF218070-707C-4813-AE3E-11806F39D5B9}.Release|Any CPU.ActiveCfg = Release|Any CPU
		{DF218070-707C-4813-AE3E-11806F39D5B9}.Release|Any CPU.Build.0 = Release|Any CPU
		{1FFAE4F1-A3F5-4CBF-97A4-537A3C9DAEAE}.Debug|Any CPU.ActiveCfg = Debug|Any CPU
		{1FFAE4F1-A3F5-4CBF-97A4-537A3C9DAEAE}.Debug|Any CPU.Build.0 = Debug|Any CPU
		{1FFAE4F1-A3F5-4CBF-97A4-537A3C9DAEAE}.Release|Any CPU.ActiveCfg = Release|Any CPU
		{1FFAE4F1-A3F5-4CBF-97A4-537A3C9DAEAE}.Release|Any CPU.Build.0 = Release|Any CPU
		{1F5C887A-BE6D-4352-A32E-EFD8A81E66C7}.Debug|Any CPU.ActiveCfg = Debug|Any CPU
		{1F5C887A-BE6D-4352-A32E-EFD8A81E66C7}.Debug|Any CPU.Build.0 = Debug|Any CPU
		{1F5C887A-BE6D-4352-A32E-EFD8A81E66C7}.Release|Any CPU.ActiveCfg = Release|Any CPU
		{1F5C887A-BE6D-4352-A32E-EFD8A81E66C7}.Release|Any CPU.Build.0 = Release|Any CPU
	EndGlobalSection
	GlobalSection(SolutionProperties) = preSolution
		HideSolutionNode = FALSE
	EndGlobalSection
	GlobalSection(ExtensibilityGlobals) = postSolution
		SolutionGuid = {5127DEFC-F935-4B0C-AFAA-C07B69277E3D}
	EndGlobalSection
EndGlobal
