
Microsoft Visual Studio Solution File, Format Version 12.00
# Visual Studio Version 16
VisualStudioVersion = 16.0.31025.194
MinimumVisualStudioVersion = 10.0.40219.1
Project("{FAE04EC0-301F-11D3-BF4B-00C04F79EFBC}") = "ExeFix03", "ExeFix03\ExeFix03.csproj", "{6EA09DF1-BBB7-400D-BBA0-F6C36EB9FC20}"
EndProject
Global
	GlobalSection(SolutionConfigurationPlatforms) = preSolution
		Debug|Any CPU = Debug|Any CPU
		Release|Any CPU = Release|Any CPU
	EndGlobalSection
	GlobalSection(ProjectConfigurationPlatforms) = postSolution
		{6EA09DF1-BBB7-400D-BBA0-F6C36EB9FC20}.Debug|Any CPU.ActiveCfg = Debug|Any CPU
		{6EA09DF1-BBB7-400D-BBA0-F6C36EB9FC20}.Debug|Any CPU.Build.0 = Debug|Any CPU
		{6EA09DF1-BBB7-400D-BBA0-F6C36EB9FC20}.Release|Any CPU.ActiveCfg = Release|Any CPU
		{6EA09DF1-BBB7-400D-BBA0-F6C36EB9FC20}.Release|Any CPU.Build.0 = Release|Any CPU
	EndGlobalSection
	GlobalSection(SolutionProperties) = preSolution
		HideSolutionNode = FALSE
	EndGlobalSection
	GlobalSection(ExtensibilityGlobals) = postSolution
		SolutionGuid = {D1F187E6-1396-47BD-9357-1F18F80F4726}
	EndGlobalSection
EndGlobal
